
Microsoft Visual Studio Solution File, Format Version 12.00
# Visual Studio Version 17
VisualStudioVersion = 17.5.33424.131
MinimumVisualStudioVersion = 10.0.40219.1
Project("{2150E333-8FDC-42A3-9474-1A3956D46DE8}") = "Application", "Application", "{88C044B2-D668-4CF3-A377-6352264958B8}"
EndProject
Project("{2150E333-8FDC-42A3-9474-1A3956D46DE8}") = "Domain", "Domain", "{26252D97-A414-4D80-9AB3-13E0DB456AB8}"
EndProject
Project("{2150E333-8FDC-42A3-9474-1A3956D46DE8}") = "Infrastructure", "Infrastructure", "{A7B89AF5-7843-4401-A53B-7FD40B00B8B0}"
EndProject
Project("{2150E333-8FDC-42A3-9474-1A3956D46DE8}") = "Presentation", "Presentation", "{DB8113C4-B04B-4DD7-8CF8-F396CD797728}"
EndProject
Project("{9A19103F-16F7-4668-BE54-9A1E7A4F7556}") = "Cinemagnesia.Presentation", "Cinemagnesia.Presentation\Cinemagnesia.Presentation.csproj", "{8D0D1C83-C8A1-447A-847C-EDEE031FFC0B}"
EndProject
Project("{9A19103F-16F7-4668-BE54-9A1E7A4F7556}") = "Infrastructure.DataAccess", "Cinemagnesia.Infrastructure.DataAccess\Infrastructure.DataAccess.csproj", "{14AA4F92-9CE6-4206-A60E-269669B375AA}"
EndProject
Project("{9A19103F-16F7-4668-BE54-9A1E7A4F7556}") = "Infrastructure.Logging", "Cinemagnesia.Infrastructure.Logging\Infrastructure.Logging.csproj", "{31D3CDA6-1E91-4B4B-A929-E6BEC459A515}"
EndProject
Project("{9A19103F-16F7-4668-BE54-9A1E7A4F7556}") = "Infrastructure.Caching", "Infrastructure.Caching\Infrastructure.Caching.csproj", "{195D019F-C617-494C-B0FB-0D1B818E5FDE}"
EndProject
Project("{9A19103F-16F7-4668-BE54-9A1E7A4F7556}") = "Infrastructure.Email", "Infrastructure.Email\Infrastructure.Email.csproj", "{5D36B684-57BB-4FB3-B468-8905010C7751}"
EndProject
Project("{9A19103F-16F7-4668-BE54-9A1E7A4F7556}") = "Infrastructure.Constants", "Infrastructure.Constants\Infrastructure.Constants.csproj", "{6E78C7E1-DAA8-4E01-B7CE-8D99F21516E9}"
EndProject
Project("{9A19103F-16F7-4668-BE54-9A1E7A4F7556}") = "Application.Interfaces", "Application.Interfaces\Application.Interfaces.csproj", "{F7EF8CC7-56DB-4201-AB79-53365B43E5F7}"
EndProject
Project("{9A19103F-16F7-4668-BE54-9A1E7A4F7556}") = "Application.Services", "Application.Services\Application.Services.csproj", "{E450D4AF-A31B-4EDE-B94B-A86A3387E271}"
EndProject
Project("{9A19103F-16F7-4668-BE54-9A1E7A4F7556}") = "Domain.Entities", "Domain.Entities\Domain.Entities.csproj", "{5B22CB5F-C7B8-4917-AFF0-57EF9C7F32B2}"
EndProject
Project("{9A19103F-16F7-4668-BE54-9A1E7A4F7556}") = "Domain.Interfaces", "Domain.Interfaces\Domain.Interfaces.csproj", "{FAEACC65-088E-490F-8BD1-0CB103F8DCCF}"
EndProject
Project("{9A19103F-16F7-4668-BE54-9A1E7A4F7556}") = "Domain.Repository", "Domain.Repository\Domain.Repository.csproj", "{4A50CE84-8486-46BE-893C-A56BA1D95546}"
EndProject
Project("{9A19103F-16F7-4668-BE54-9A1E7A4F7556}") = "Domain.Shared", "Domain.Shared\Domain.Shared.csproj", "{EA96EBEF-14B0-4078-B6AE-C98FAD456041}"
EndProject
Project("{FAE04EC0-301F-11D3-BF4B-00C04F79EFBC}") = "Application.Dtos", "Application.Dtos\Application.Dtos.csproj", "{4B085868-462A-4555-A155-8E1E309413A8}"
EndProject
Global
	GlobalSection(SolutionConfigurationPlatforms) = preSolution
		Debug|Any CPU = Debug|Any CPU
		Release|Any CPU = Release|Any CPU
	EndGlobalSection
	GlobalSection(ProjectConfigurationPlatforms) = postSolution
		{8D0D1C83-C8A1-447A-847C-EDEE031FFC0B}.Debug|Any CPU.ActiveCfg = Debug|Any CPU
		{8D0D1C83-C8A1-447A-847C-EDEE031FFC0B}.Debug|Any CPU.Build.0 = Debug|Any CPU
		{8D0D1C83-C8A1-447A-847C-EDEE031FFC0B}.Release|Any CPU.ActiveCfg = Release|Any CPU
		{8D0D1C83-C8A1-447A-847C-EDEE031FFC0B}.Release|Any CPU.Build.0 = Release|Any CPU
		{14AA4F92-9CE6-4206-A60E-269669B375AA}.Debug|Any CPU.ActiveCfg = Debug|Any CPU
		{14AA4F92-9CE6-4206-A60E-269669B375AA}.Debug|Any CPU.Build.0 = Debug|Any CPU
		{14AA4F92-9CE6-4206-A60E-269669B375AA}.Release|Any CPU.ActiveCfg = Release|Any CPU
		{14AA4F92-9CE6-4206-A60E-269669B375AA}.Release|Any CPU.Build.0 = Release|Any CPU
		{31D3CDA6-1E91-4B4B-A929-E6BEC459A515}.Debug|Any CPU.ActiveCfg = Debug|Any CPU
		{31D3CDA6-1E91-4B4B-A929-E6BEC459A515}.Debug|Any CPU.Build.0 = Debug|Any CPU
		{31D3CDA6-1E91-4B4B-A929-E6BEC459A515}.Release|Any CPU.ActiveCfg = Release|Any CPU
		{31D3CDA6-1E91-4B4B-A929-E6BEC459A515}.Release|Any CPU.Build.0 = Release|Any CPU
		{195D019F-C617-494C-B0FB-0D1B818E5FDE}.Debug|Any CPU.ActiveCfg = Debug|Any CPU
		{195D019F-C617-494C-B0FB-0D1B818E5FDE}.Debug|Any CPU.Build.0 = Debug|Any CPU
		{195D019F-C617-494C-B0FB-0D1B818E5FDE}.Release|Any CPU.ActiveCfg = Release|Any CPU
		{195D019F-C617-494C-B0FB-0D1B818E5FDE}.Release|Any CPU.Build.0 = Release|Any CPU
		{5D36B684-57BB-4FB3-B468-8905010C7751}.Debug|Any CPU.ActiveCfg = Debug|Any CPU
		{5D36B684-57BB-4FB3-B468-8905010C7751}.Debug|Any CPU.Build.0 = Debug|Any CPU
		{5D36B684-57BB-4FB3-B468-8905010C7751}.Release|Any CPU.ActiveCfg = Release|Any CPU
		{5D36B684-57BB-4FB3-B468-8905010C7751}.Release|Any CPU.Build.0 = Release|Any CPU
		{6E78C7E1-DAA8-4E01-B7CE-8D99F21516E9}.Debug|Any CPU.ActiveCfg = Debug|Any CPU
		{6E78C7E1-DAA8-4E01-B7CE-8D99F21516E9}.Debug|Any CPU.Build.0 = Debug|Any CPU
		{6E78C7E1-DAA8-4E01-B7CE-8D99F21516E9}.Release|Any CPU.ActiveCfg = Release|Any CPU
		{6E78C7E1-DAA8-4E01-B7CE-8D99F21516E9}.Release|Any CPU.Build.0 = Release|Any CPU
		{F7EF8CC7-56DB-4201-AB79-53365B43E5F7}.Debug|Any CPU.ActiveCfg = Debug|Any CPU
		{F7EF8CC7-56DB-4201-AB79-53365B43E5F7}.Debug|Any CPU.Build.0 = Debug|Any CPU
		{F7EF8CC7-56DB-4201-AB79-53365B43E5F7}.Release|Any CPU.ActiveCfg = Release|Any CPU
		{F7EF8CC7-56DB-4201-AB79-53365B43E5F7}.Release|Any CPU.Build.0 = Release|Any CPU
		{E450D4AF-A31B-4EDE-B94B-A86A3387E271}.Debug|Any CPU.ActiveCfg = Debug|Any CPU
		{E450D4AF-A31B-4EDE-B94B-A86A3387E271}.Debug|Any CPU.Build.0 = Debug|Any CPU
		{E450D4AF-A31B-4EDE-B94B-A86A3387E271}.Release|Any CPU.ActiveCfg = Release|Any CPU
		{E450D4AF-A31B-4EDE-B94B-A86A3387E271}.Release|Any CPU.Build.0 = Release|Any CPU
		{5B22CB5F-C7B8-4917-AFF0-57EF9C7F32B2}.Debug|Any CPU.ActiveCfg = Debug|Any CPU
		{5B22CB5F-C7B8-4917-AFF0-57EF9C7F32B2}.Debug|Any CPU.Build.0 = Debug|Any CPU
		{5B22CB5F-C7B8-4917-AFF0-57EF9C7F32B2}.Release|Any CPU.ActiveCfg = Release|Any CPU
		{5B22CB5F-C7B8-4917-AFF0-57EF9C7F32B2}.Release|Any CPU.Build.0 = Release|Any CPU
		{FAEACC65-088E-490F-8BD1-0CB103F8DCCF}.Debug|Any CPU.ActiveCfg = Debug|Any CPU
		{FAEACC65-088E-490F-8BD1-0CB103F8DCCF}.Debug|Any CPU.Build.0 = Debug|Any CPU
		{FAEACC65-088E-490F-8BD1-0CB103F8DCCF}.Release|Any CPU.ActiveCfg = Release|Any CPU
		{FAEACC65-088E-490F-8BD1-0CB103F8DCCF}.Release|Any CPU.Build.0 = Release|Any CPU
		{4A50CE84-8486-46BE-893C-A56BA1D95546}.Debug|Any CPU.ActiveCfg = Debug|Any CPU
		{4A50CE84-8486-46BE-893C-A56BA1D95546}.Debug|Any CPU.Build.0 = Debug|Any CPU
		{4A50CE84-8486-46BE-893C-A56BA1D95546}.Release|Any CPU.ActiveCfg = Release|Any CPU
		{4A50CE84-8486-46BE-893C-A56BA1D95546}.Release|Any CPU.Build.0 = Release|Any CPU
		{EA96EBEF-14B0-4078-B6AE-C98FAD456041}.Debug|Any CPU.ActiveCfg = Debug|Any CPU
		{EA96EBEF-14B0-4078-B6AE-C98FAD456041}.Debug|Any CPU.Build.0 = Debug|Any CPU
		{EA96EBEF-14B0-4078-B6AE-C98FAD456041}.Release|Any CPU.ActiveCfg = Release|Any CPU
		{EA96EBEF-14B0-4078-B6AE-C98FAD456041}.Release|Any CPU.Build.0 = Release|Any CPU
		{4B085868-462A-4555-A155-8E1E309413A8}.Debug|Any CPU.ActiveCfg = Debug|Any CPU
		{4B085868-462A-4555-A155-8E1E309413A8}.Debug|Any CPU.Build.0 = Debug|Any CPU
		{4B085868-462A-4555-A155-8E1E309413A8}.Release|Any CPU.ActiveCfg = Release|Any CPU
		{4B085868-462A-4555-A155-8E1E309413A8}.Release|Any CPU.Build.0 = Release|Any CPU
	EndGlobalSection
	GlobalSection(SolutionProperties) = preSolution
		HideSolutionNode = FALSE
	EndGlobalSection
	GlobalSection(NestedProjects) = preSolution
		{8D0D1C83-C8A1-447A-847C-EDEE031FFC0B} = {DB8113C4-B04B-4DD7-8CF8-F396CD797728}
		{14AA4F92-9CE6-4206-A60E-269669B375AA} = {A7B89AF5-7843-4401-A53B-7FD40B00B8B0}
		{31D3CDA6-1E91-4B4B-A929-E6BEC459A515} = {A7B89AF5-7843-4401-A53B-7FD40B00B8B0}
		{195D019F-C617-494C-B0FB-0D1B818E5FDE} = {A7B89AF5-7843-4401-A53B-7FD40B00B8B0}
		{5D36B684-57BB-4FB3-B468-8905010C7751} = {A7B89AF5-7843-4401-A53B-7FD40B00B8B0}
		{6E78C7E1-DAA8-4E01-B7CE-8D99F21516E9} = {A7B89AF5-7843-4401-A53B-7FD40B00B8B0}
		{F7EF8CC7-56DB-4201-AB79-53365B43E5F7} = {88C044B2-D668-4CF3-A377-6352264958B8}
		{E450D4AF-A31B-4EDE-B94B-A86A3387E271} = {88C044B2-D668-4CF3-A377-6352264958B8}
		{5B22CB5F-C7B8-4917-AFF0-57EF9C7F32B2} = {26252D97-A414-4D80-9AB3-13E0DB456AB8}
		{FAEACC65-088E-490F-8BD1-0CB103F8DCCF} = {26252D97-A414-4D80-9AB3-13E0DB456AB8}
		{4A50CE84-8486-46BE-893C-A56BA1D95546} = {26252D97-A414-4D80-9AB3-13E0DB456AB8}
		{EA96EBEF-14B0-4078-B6AE-C98FAD456041} = {26252D97-A414-4D80-9AB3-13E0DB456AB8}
		{4B085868-462A-4555-A155-8E1E309413A8} = {88C044B2-D668-4CF3-A377-6352264958B8}
	EndGlobalSection
	GlobalSection(ExtensibilityGlobals) = postSolution
		SolutionGuid = {7CE9659D-FE9D-44F7-B988-4E429C58EDAB}
	EndGlobalSection
EndGlobal
