
Microsoft Visual Studio Solution File, Format Version 12.00
# Visual Studio Version 17
VisualStudioVersion = 17.5.33424.131
MinimumVisualStudioVersion = 10.0.40219.1
Project("{9A19103F-16F7-4668-BE54-9A1E7A4F7556}") = "CinemagnesiaMVC", "CinemagnesiaMVC\CinemagnesiaMVC.csproj", "{BADF2985-A40D-4E85-A702-9DCF037BAB7D}"
EndProject
Project("{FAE04EC0-301F-11D3-BF4B-00C04F79EFBC}") = "Business", "Business\Business.csproj", "{B9FE8D1F-76F9-4879-892B-814D1013F8D8}"
EndProject
Project("{FAE04EC0-301F-11D3-BF4B-00C04F79EFBC}") = "DataAccess", "DataAccess\DataAccess.csproj", "{D80174BE-335F-43B7-B9C1-199DB93DF3A0}"
EndProject
Project("{FAE04EC0-301F-11D3-BF4B-00C04F79EFBC}") = "Core", "Core\Core.csproj", "{F4D1B01E-2D8E-4E15-8A56-C6AD52B16BFB}"
EndProject
Project("{FAE04EC0-301F-11D3-BF4B-00C04F79EFBC}") = "Global.Entity", "Global.Entity\Global.Entity.csproj", "{61459D8A-004C-4F56-A9E1-86006D0D42BD}"
EndProject
Global
	GlobalSection(SolutionConfigurationPlatforms) = preSolution
		Debug|Any CPU = Debug|Any CPU
		Release|Any CPU = Release|Any CPU
	EndGlobalSection
	GlobalSection(ProjectConfigurationPlatforms) = postSolution
		{BADF2985-A40D-4E85-A702-9DCF037BAB7D}.Debug|Any CPU.ActiveCfg = Debug|Any CPU
		{BADF2985-A40D-4E85-A702-9DCF037BAB7D}.Debug|Any CPU.Build.0 = Debug|Any CPU
		{BADF2985-A40D-4E85-A702-9DCF037BAB7D}.Release|Any CPU.ActiveCfg = Release|Any CPU
		{BADF2985-A40D-4E85-A702-9DCF037BAB7D}.Release|Any CPU.Build.0 = Release|Any CPU
		{B9FE8D1F-76F9-4879-892B-814D1013F8D8}.Debug|Any CPU.ActiveCfg = Debug|Any CPU
		{B9FE8D1F-76F9-4879-892B-814D1013F8D8}.Debug|Any CPU.Build.0 = Debug|Any CPU
		{B9FE8D1F-76F9-4879-892B-814D1013F8D8}.Release|Any CPU.ActiveCfg = Release|Any CPU
		{B9FE8D1F-76F9-4879-892B-814D1013F8D8}.Release|Any CPU.Build.0 = Release|Any CPU
		{D80174BE-335F-43B7-B9C1-199DB93DF3A0}.Debug|Any CPU.ActiveCfg = Debug|Any CPU
		{D80174BE-335F-43B7-B9C1-199DB93DF3A0}.Debug|Any CPU.Build.0 = Debug|Any CPU
		{D80174BE-335F-43B7-B9C1-199DB93DF3A0}.Release|Any CPU.ActiveCfg = Release|Any CPU
		{D80174BE-335F-43B7-B9C1-199DB93DF3A0}.Release|Any CPU.Build.0 = Release|Any CPU
		{F4D1B01E-2D8E-4E15-8A56-C6AD52B16BFB}.Debug|Any CPU.ActiveCfg = Debug|Any CPU
		{F4D1B01E-2D8E-4E15-8A56-C6AD52B16BFB}.Debug|Any CPU.Build.0 = Debug|Any CPU
		{F4D1B01E-2D8E-4E15-8A56-C6AD52B16BFB}.Release|Any CPU.ActiveCfg = Release|Any CPU
		{F4D1B01E-2D8E-4E15-8A56-C6AD52B16BFB}.Release|Any CPU.Build.0 = Release|Any CPU
		{61459D8A-004C-4F56-A9E1-86006D0D42BD}.Debug|Any CPU.ActiveCfg = Debug|Any CPU
		{61459D8A-004C-4F56-A9E1-86006D0D42BD}.Debug|Any CPU.Build.0 = Debug|Any CPU
		{61459D8A-004C-4F56-A9E1-86006D0D42BD}.Release|Any CPU.ActiveCfg = Release|Any CPU
		{61459D8A-004C-4F56-A9E1-86006D0D42BD}.Release|Any CPU.Build.0 = Release|Any CPU
	EndGlobalSection
	GlobalSection(SolutionProperties) = preSolution
		HideSolutionNode = FALSE
	EndGlobalSection
	GlobalSection(ExtensibilityGlobals) = postSolution
		SolutionGuid = {7CE9659D-FE9D-44F7-B988-4E429C58EDAB}
	EndGlobalSection
EndGlobal
